{
  "version": 4,
  "terraform_version": "1.8.2",
  "serial": 3,
  "lineage": "0e327805-87f4-82f6-7b2b-716186b5167c",
  "outputs": {},
  "resources": [
    {
      "mode": "managed",
      "type": "google_cloudfunctions_function",
      "name": "aafes-abandon-cart-qa",
      "provider": "provider[\"registry.terraform.io/hashicorp/google\"]",
      "instances": [
        {
          "schema_version": 0,
          "attributes": {
            "available_memory_mb": 256,
            "build_environment_variables": null,
            "build_worker_pool": "",
            "description": "",
            "docker_registry": "ARTIFACT_REGISTRY",
            "docker_repository": "",
            "effective_labels": {
              "deployment-tool": "cli-gcloud"
            },
            "entry_point": "abandonCartHandler",
            "environment_variables": {
              "AAFES_ENV": "QA"
            },
            "event_trigger": [],
            "https_trigger_security_level": "SECURE_OPTIONAL",
            "https_trigger_url": "https://us-central1-aafes-poc-378616.cloudfunctions.net/aafes-abandon-cart-qa",
            "id": "projects/aafes-poc-378616/locations/us-central1/functions/aafes-abandon-cart-qa",
            "ingress_settings": "ALLOW_ALL",
            "kms_key_name": "",
            "labels": {},
            "max_instances": 3000,
            "min_instances": 0,
            "name": "aafes-abandon-cart-qa",
            "project": "aafes-poc-378616",
            "region": "us-central1",
            "runtime": "nodejs20",
            "secret_environment_variables": [
              {
                "key": "CTP_CONFIG",
                "project_id": "117381608683",
                "secret": "aafes-ct-qa",
                "version": "1"
              }
            ],
            "secret_volumes": [
              {
                "mount_path": "/etc/secrets",
                "project_id": "117381608683",
                "secret": "aafes-qa-project",
                "versions": [
                  {
                    "path": "/aafes-project",
                    "version": "latest"
                  }
                ]
              }
            ],
            "service_account_email": "github-actions@aafes-poc-378616.iam.gserviceaccount.com",
            "source_archive_bucket": "cloud_functions_source_archives",
            "source_archive_object": "aafes-abandon-cart-8822157020.zip",
            "source_repository": [],
            "status": "ACTIVE",
            "terraform_labels": {},
            "timeout": 60,
            "timeouts": null,
            "trigger_http": true,
            "version_id": "20",
            "vpc_connector": "",
            "vpc_connector_egress_settings": ""
          },
          "sensitive_attributes": [],
          "private": "eyJlMmJmYjczMC1lY2FhLTExZTYtOGY4OC0zNDM2M2JjN2M0YzAiOnsiY3JlYXRlIjozMDAwMDAwMDAwMDAsImRlbGV0ZSI6MzAwMDAwMDAwMDAwLCJyZWFkIjozMDAwMDAwMDAwMDAsInVwZGF0ZSI6MzAwMDAwMDAwMDAwfSwic2NoZW1hX3ZlcnNpb24iOiIwIn0="
        }
      ]
    },
    {
      "mode": "managed",
      "type": "google_cloudfunctions_function",
      "name": "aafes-subscriptions",
      "provider": "provider[\"registry.terraform.io/hashicorp/google\"]",
      "instances": [
        {
          "schema_version": 0,
          "attributes": {
            "available_memory_mb": 256,
            "build_environment_variables": null,
            "build_worker_pool": "",
            "description": "",
            "docker_registry": "ARTIFACT_REGISTRY",
            "docker_repository": "",
            "effective_labels": {
              "deployment-tool": "cli-gcloud"
            },
            "entry_point": "subscriptionshandler",
            "environment_variables": {
              "AAFES_ENV": "DEV"
            },
            "event_trigger": [],
            "https_trigger_security_level": "SECURE_OPTIONAL",
            "https_trigger_url": "https://us-central1-aafes-poc-378616.cloudfunctions.net/aafes-subscriptions",
            "id": "projects/aafes-poc-378616/locations/us-central1/functions/aafes-subscriptions",
            "ingress_settings": "ALLOW_ALL",
            "kms_key_name": "",
            "labels": {},
            "max_instances": 3000,
            "min_instances": 0,
            "name": "aafes-subscriptions",
            "project": "aafes-poc-378616",
            "region": "us-central1",
            "runtime": "nodejs20",
            "secret_environment_variables": [
              {
                "key": "CTP_CONFIG",
                "project_id": "117381608683",
                "secret": "aafes-ct-dev",
                "version": "1"
              }
            ],
            "secret_volumes": [
              {
                "mount_path": "/etc/secrets",
                "project_id": "117381608683",
                "secret": "aafes-dev-project",
                "versions": [
                  {
                    "path": "/aafes-project",
                    "version": "latest"
                  }
                ]
              }
            ],
            "service_account_email": "github-actions@aafes-poc-378616.iam.gserviceaccount.com",
            "source_archive_bucket": "cloud_functions_source_archives",
            "source_archive_object": "commercetools-subscriptions-7845386512.zip",
            "source_repository": [],
            "status": "ACTIVE",
            "terraform_labels": {},
            "timeout": 60,
            "timeouts": null,
            "trigger_http": true,
            "version_id": "56",
            "vpc_connector": "",
            "vpc_connector_egress_settings": ""
          },
          "sensitive_attributes": [],
          "private": "eyJlMmJmYjczMC1lY2FhLTExZTYtOGY4OC0zNDM2M2JjN2M0YzAiOnsiY3JlYXRlIjozMDAwMDAwMDAwMDAsImRlbGV0ZSI6MzAwMDAwMDAwMDAwLCJyZWFkIjozMDAwMDAwMDAwMDAsInVwZGF0ZSI6MzAwMDAwMDAwMDAwfSwic2NoZW1hX3ZlcnNpb24iOiIwIn0="
        }
      ]
    },
    {
      "mode": "managed",
      "type": "google_cloudfunctions_function",
      "name": "aafes-subscriptions-qa",
      "provider": "provider[\"registry.terraform.io/hashicorp/google\"]",
      "instances": [
        {
          "schema_version": 0,
          "attributes": {
            "available_memory_mb": 256,
            "build_environment_variables": null,
            "build_worker_pool": "",
            "description": "",
            "docker_registry": "ARTIFACT_REGISTRY",
            "docker_repository": "",
            "effective_labels": {
              "deployment-tool": "cli-gcloud"
            },
            "entry_point": "subscriptionshandler",
            "environment_variables": {
              "AAFES_ENV": "QA"
            },
            "event_trigger": [],
            "https_trigger_security_level": "SECURE_OPTIONAL",
            "https_trigger_url": "https://us-central1-aafes-poc-378616.cloudfunctions.net/aafes-subscriptions-qa",
            "id": "projects/aafes-poc-378616/locations/us-central1/functions/aafes-subscriptions-qa",
            "ingress_settings": "ALLOW_ALL",
            "kms_key_name": "",
            "labels": {},
            "max_instances": 3000,
            "min_instances": 0,
            "name": "aafes-subscriptions-qa",
            "project": "aafes-poc-378616",
            "region": "us-central1",
            "runtime": "nodejs20",
            "secret_environment_variables": [
              {
                "key": "CTP_CONFIG",
                "project_id": "117381608683",
                "secret": "aafes-ct-qa",
                "version": "1"
              }
            ],
            "secret_volumes": [
              {
                "mount_path": "/etc/secrets",
                "project_id": "117381608683",
                "secret": "aafes-qa-project",
                "versions": [
                  {
                    "path": "/aafes-project",
                    "version": "latest"
                  }
                ]
              }
            ],
            "service_account_email": "github-actions@aafes-poc-378616.iam.gserviceaccount.com",
            "source_archive_bucket": "cloud_functions_source_archives",
            "source_archive_object": "commercetools-subscriptions-7846405112.zip",
            "source_repository": [],
            "status": "ACTIVE",
            "terraform_labels": {},
            "timeout": 60,
            "timeouts": null,
            "trigger_http": true,
            "version_id": "15",
            "vpc_connector": "",
            "vpc_connector_egress_settings": ""
          },
          "sensitive_attributes": [],
          "private": "eyJlMmJmYjczMC1lY2FhLTExZTYtOGY4OC0zNDM2M2JjN2M0YzAiOnsiY3JlYXRlIjozMDAwMDAwMDAwMDAsImRlbGV0ZSI6MzAwMDAwMDAwMDAwLCJyZWFkIjozMDAwMDAwMDAwMDAsInVwZGF0ZSI6MzAwMDAwMDAwMDAwfSwic2NoZW1hX3ZlcnNpb24iOiIwIn0="
        }
      ]
    }
  ],
  "check_results": null
}
